
Microsoft Visual Studio Solution File, Format Version 12.00
# Visual Studio Version 17
VisualStudioVersion = 17.0.31903.59
MinimumVisualStudioVersion = 10.0.40219.1
Project("{9A19103F-16F7-4668-BE54-9A1E7A4F7556}") = "backend", "backend\backend.csproj", "{C826334A-B7DF-472D-A557-2606972B3CD1}"
EndProject
Global
	GlobalSection(SolutionConfigurationPlatforms) = preSolution
		Debug|Any CPU = Debug|Any CPU
		Release|Any CPU = Release|Any CPU
	EndGlobalSection
	GlobalSection(ProjectConfigurationPlatforms) = postSolution
		{C826334A-B7DF-472D-A557-2606972B3CD1}.Debug|Any CPU.ActiveCfg = Debug|Any CPU
		{C826334A-B7DF-472D-A557-2606972B3CD1}.Debug|Any CPU.Build.0 = Debug|Any CPU
		{C826334A-B7DF-472D-A557-2606972B3CD1}.Release|Any CPU.ActiveCfg = Release|Any CPU
		{C826334A-B7DF-472D-A557-2606972B3CD1}.Release|Any CPU.Build.0 = Release|Any CPU
	EndGlobalSection
	GlobalSection(SolutionProperties) = preSolution
		HideSolutionNode = FALSE
	EndGlobalSection
	GlobalSection(ExtensibilityGlobals) = postSolution
		SolutionGuid = {9CCEDBE9-A0C8-4C25-A768-20D7549455FB}
	EndGlobalSection
EndGlobal
